# This file is automatically @generated by Poetry 1.8.3 and should not be changed by hand.

[[package]]
name = "aniso8601"
version = "9.0.1"
description = "A library for parsing ISO 8601 strings."
optional = false
python-versions = "*"
files = [
    {file = "aniso8601-9.0.1-py2.py3-none-any.whl", hash = "sha256:1d2b7ef82963909e93c4f24ce48d4de9e66009a21bf1c1e1c85bdd0812fe412f"},
    {file = "aniso8601-9.0.1.tar.gz", hash = "sha256:72e3117667eedf66951bb2d93f4296a56b94b078a8a95905a052611fb3f1b973"},
]

[package.extras]
dev = ["black", "coverage", "isort", "pre-commit", "pyenchant", "pylint"]

[[package]]
name = "blinker"
version = "1.8.2"
description = "Fast, simple object-to-object and broadcast signaling"
optional = false
python-versions = ">=3.8"
files = [
    {file = "blinker-1.8.2-py3-none-any.whl", hash = "sha256:1779309f71bf239144b9399d06ae925637cf6634cf6bd131104184531bf67c01"},
    {file = "blinker-1.8.2.tar.gz", hash = "sha256:8f77b09d3bf7c795e969e9486f39c2c5e9c39d4ee07424be2bc594ece9642d83"},
]

[[package]]
name = "click"
version = "8.1.7"
description = "Composable command line interface toolkit"
optional = false
python-versions = ">=3.7"
files = [
    {file = "click-8.1.7-py3-none-any.whl", hash = "sha256:ae74fb96c20a0277a1d615f1e4d73c8414f5a98db8b799a7931d1582f3390c28"},
    {file = "click-8.1.7.tar.gz", hash = "sha256:ca9853ad459e787e2192211578cc907e7594e294c7ccc834310722b41b9ca6de"},
]

[package.dependencies]
colorama = {version = "*", markers = "platform_system == \"Windows\""}

[[package]]
name = "colorama"
version = "0.4.6"
description = "Cross-platform colored terminal text."
optional = false
python-versions = "!=3.0.*,!=3.1.*,!=3.2.*,!=3.3.*,!=3.4.*,!=3.5.*,!=3.6.*,>=2.7"
files = [
    {file = "colorama-0.4.6-py2.py3-none-any.whl", hash = "sha256:4f1d9991f5acc0ca119f9d443620b77f9d6b33703e51011c16baf57afb285fc6"},
    {file = "colorama-0.4.6.tar.gz", hash = "sha256:08695f5cb7ed6e0531a20572697297273c47b8cae5a63ffc6d6ed5c201be6e44"},
]

[[package]]
name = "coverage"
version = "7.6.3"
description = "Code coverage measurement for Python"
optional = false
python-versions = ">=3.9"
files = [
    {file = "coverage-7.6.3-cp310-cp310-macosx_10_9_x86_64.whl", hash = "sha256:6da42bbcec130b188169107ecb6ee7bd7b4c849d24c9370a0c884cf728d8e976"},
    {file = "coverage-7.6.3-cp310-cp310-macosx_11_0_arm64.whl", hash = "sha256:c222958f59b0ae091f4535851cbb24eb57fc0baea07ba675af718fb5302dddb2"},
    {file = "coverage-7.6.3-cp310-cp310-manylinux_2_17_aarch64.manylinux2014_aarch64.whl", hash = "sha256:ab84a8b698ad5a6c365b08061920138e7a7dd9a04b6feb09ba1bfae68346ce6d"},
    {file = "coverage-7.6.3-cp310-cp310-manylinux_2_5_i686.manylinux1_i686.manylinux_2_17_i686.manylinux2014_i686.whl", hash = "sha256:70a6756ce66cd6fe8486c775b30889f0dc4cb20c157aa8c35b45fd7868255c5c"},
    {file = "coverage-7.6.3-cp310-cp310-manylinux_2_5_x86_64.manylinux1_x86_64.manylinux_2_17_x86_64.manylinux2014_x86_64.whl", hash = "sha256:3c2e6fa98032fec8282f6b27e3f3986c6e05702828380618776ad794e938f53a"},
    {file = "coverage-7.6.3-cp310-cp310-musllinux_1_2_aarch64.whl", hash = "sha256:921fbe13492caf6a69528f09d5d7c7d518c8d0e7b9f6701b7719715f29a71e6e"},
    {file = "coverage-7.6.3-cp310-cp310-musllinux_1_2_i686.whl", hash = "sha256:6d99198203f0b9cb0b5d1c0393859555bc26b548223a769baf7e321a627ed4fc"},
    {file = "coverage-7.6.3-cp310-cp310-musllinux_1_2_x86_64.whl", hash = "sha256:87cd2e29067ea397a47e352efb13f976eb1b03e18c999270bb50589323294c6e"},
    {file = "coverage-7.6.3-cp310-cp310-win32.whl", hash = "sha256:a3328c3e64ea4ab12b85999eb0779e6139295bbf5485f69d42cf794309e3d007"},
    {file = "coverage-7.6.3-cp310-cp310-win_amd64.whl", hash = "sha256:bca4c8abc50d38f9773c1ec80d43f3768df2e8576807d1656016b9d3eeaa96fd"},
    {file = "coverage-7.6.3-cp311-cp311-macosx_10_9_x86_64.whl", hash = "sha256:c51ef82302386d686feea1c44dbeef744585da16fcf97deea2a8d6c1556f519b"},
    {file = "coverage-7.6.3-cp311-cp311-macosx_11_0_arm64.whl", hash = "sha256:0ca37993206402c6c35dc717f90d4c8f53568a8b80f0bf1a1b2b334f4d488fba"},
    {file = "coverage-7.6.3-cp311-cp311-manylinux_2_17_aarch64.manylinux2014_aarch64.whl", hash = "sha256:c77326300b839c44c3e5a8fe26c15b7e87b2f32dfd2fc9fee1d13604347c9b38"},
    {file = "coverage-7.6.3-cp311-cp311-manylinux_2_5_i686.manylinux1_i686.manylinux_2_17_i686.manylinux2014_i686.whl", hash = "sha256:6e484e479860e00da1f005cd19d1c5d4a813324e5951319ac3f3eefb497cc549"},
    {file = "coverage-7.6.3-cp311-cp311-manylinux_2_5_x86_64.manylinux1_x86_64.manylinux_2_17_x86_64.manylinux2014_x86_64.whl", hash = "sha256:0c6c0f4d53ef603397fc894a895b960ecd7d44c727df42a8d500031716d4e8d2"},
    {file = "coverage-7.6.3-cp311-cp311-musllinux_1_2_aarch64.whl", hash = "sha256:37be7b5ea3ff5b7c4a9db16074dc94523b5f10dd1f3b362a827af66a55198175"},
    {file = "coverage-7.6.3-cp311-cp311-musllinux_1_2_i686.whl", hash = "sha256:43b32a06c47539fe275106b376658638b418c7cfdfff0e0259fbf877e845f14b"},
    {file = "coverage-7.6.3-cp311-cp311-musllinux_1_2_x86_64.whl", hash = "sha256:ee77c7bef0724165e795b6b7bf9c4c22a9b8468a6bdb9c6b4281293c6b22a90f"},
    {file = "coverage-7.6.3-cp311-cp311-win32.whl", hash = "sha256:43517e1f6b19f610a93d8227e47790722c8bf7422e46b365e0469fc3d3563d97"},
    {file = "coverage-7.6.3-cp311-cp311-win_amd64.whl", hash = "sha256:04f2189716e85ec9192df307f7c255f90e78b6e9863a03223c3b998d24a3c6c6"},
    {file = "coverage-7.6.3-cp312-cp312-macosx_10_13_x86_64.whl", hash = "sha256:27bd5f18d8f2879e45724b0ce74f61811639a846ff0e5c0395b7818fae87aec6"},
    {file = "coverage-7.6.3-cp312-cp312-macosx_11_0_arm64.whl", hash = "sha256:d546cfa78844b8b9c1c0533de1851569a13f87449897bbc95d698d1d3cb2a30f"},
    {file = "coverage-7.6.3-cp312-cp312-manylinux_2_17_aarch64.manylinux2014_aarch64.whl", hash = "sha256:9975442f2e7a5cfcf87299c26b5a45266ab0696348420049b9b94b2ad3d40234"},
    {file = "coverage-7.6.3-cp312-cp312-manylinux_2_5_i686.manylinux1_i686.manylinux_2_17_i686.manylinux2014_i686.whl", hash = "sha256:583049c63106c0555e3ae3931edab5669668bbef84c15861421b94e121878d3f"},
    {file = "coverage-7.6.3-cp312-cp312-manylinux_2_5_x86_64.manylinux1_x86_64.manylinux_2_17_x86_64.manylinux2014_x86_64.whl", hash = "sha256:2341a78ae3a5ed454d524206a3fcb3cec408c2a0c7c2752cd78b606a2ff15af4"},
    {file = "coverage-7.6.3-cp312-cp312-musllinux_1_2_aarch64.whl", hash = "sha256:a4fb91d5f72b7e06a14ff4ae5be625a81cd7e5f869d7a54578fc271d08d58ae3"},
    {file = "coverage-7.6.3-cp312-cp312-musllinux_1_2_i686.whl", hash = "sha256:e279f3db904e3b55f520f11f983cc8dc8a4ce9b65f11692d4718ed021ec58b83"},
    {file = "coverage-7.6.3-cp312-cp312-musllinux_1_2_x86_64.whl", hash = "sha256:aa23ce39661a3e90eea5f99ec59b763b7d655c2cada10729ed920a38bfc2b167"},
    {file = "coverage-7.6.3-cp312-cp312-win32.whl", hash = "sha256:52ac29cc72ee7e25ace7807249638f94c9b6a862c56b1df015d2b2e388e51dbd"},
    {file = "coverage-7.6.3-cp312-cp312-win_amd64.whl", hash = "sha256:40e8b1983080439d4802d80b951f4a93d991ef3261f69e81095a66f86cf3c3c6"},
    {file = "coverage-7.6.3-cp313-cp313-macosx_10_13_x86_64.whl", hash = "sha256:9134032f5aa445ae591c2ba6991d10136a1f533b1d2fa8f8c21126468c5025c6"},
    {file = "coverage-7.6.3-cp313-cp313-macosx_11_0_arm64.whl", hash = "sha256:99670790f21a96665a35849990b1df447993880bb6463a0a1d757897f30da929"},
    {file = "coverage-7.6.3-cp313-cp313-manylinux_2_17_aarch64.manylinux2014_aarch64.whl", hash = "sha256:2dc7d6b380ca76f5e817ac9eef0c3686e7834c8346bef30b041a4ad286449990"},
    {file = "coverage-7.6.3-cp313-cp313-manylinux_2_5_i686.manylinux1_i686.manylinux_2_17_i686.manylinux2014_i686.whl", hash = "sha256:f7b26757b22faf88fcf232f5f0e62f6e0fd9e22a8a5d0d5016888cdfe1f6c1c4"},
    {file = "coverage-7.6.3-cp313-cp313-manylinux_2_5_x86_64.manylinux1_x86_64.manylinux_2_17_x86_64.manylinux2014_x86_64.whl", hash = "sha256:4c59d6a4a4633fad297f943c03d0d2569867bd5372eb5684befdff8df8522e39"},
    {file = "coverage-7.6.3-cp313-cp313-musllinux_1_2_aarch64.whl", hash = "sha256:f263b18692f8ed52c8de7f40a0751e79015983dbd77b16906e5b310a39d3ca21"},
    {file = "coverage-7.6.3-cp313-cp313-musllinux_1_2_i686.whl", hash = "sha256:79644f68a6ff23b251cae1c82b01a0b51bc40c8468ca9585c6c4b1aeee570e0b"},
    {file = "coverage-7.6.3-cp313-cp313-musllinux_1_2_x86_64.whl", hash = "sha256:71967c35828c9ff94e8c7d405469a1fb68257f686bca7c1ed85ed34e7c2529c4"},
    {file = "coverage-7.6.3-cp313-cp313-win32.whl", hash = "sha256:e266af4da2c1a4cbc6135a570c64577fd3e6eb204607eaff99d8e9b710003c6f"},
    {file = "coverage-7.6.3-cp313-cp313-win_amd64.whl", hash = "sha256:ea52bd218d4ba260399a8ae4bb6b577d82adfc4518b93566ce1fddd4a49d1dce"},
    {file = "coverage-7.6.3-cp313-cp313t-macosx_10_13_x86_64.whl", hash = "sha256:8d4c6ea0f498c7c79111033a290d060c517853a7bcb2f46516f591dab628ddd3"},
    {file = "coverage-7.6.3-cp313-cp313t-macosx_11_0_arm64.whl", hash = "sha256:331b200ad03dbaa44151d74daeb7da2cf382db424ab923574f6ecca7d3b30de3"},
    {file = "coverage-7.6.3-cp313-cp313t-manylinux_2_17_aarch64.manylinux2014_aarch64.whl", hash = "sha256:54356a76b67cf8a3085818026bb556545ebb8353951923b88292556dfa9f812d"},
    {file = "coverage-7.6.3-cp313-cp313t-manylinux_2_5_i686.manylinux1_i686.manylinux_2_17_i686.manylinux2014_i686.whl", hash = "sha256:ebec65f5068e7df2d49466aab9128510c4867e532e07cb6960075b27658dca38"},
    {file = "coverage-7.6.3-cp313-cp313t-manylinux_2_5_x86_64.manylinux1_x86_64.manylinux_2_17_x86_64.manylinux2014_x86_64.whl", hash = "sha256:d33a785ea8354c480515e781554d3be582a86297e41ccbea627a5c632647f2cd"},
    {file = "coverage-7.6.3-cp313-cp313t-musllinux_1_2_aarch64.whl", hash = "sha256:f7ddb920106bbbbcaf2a274d56f46956bf56ecbde210d88061824a95bdd94e92"},
    {file = "coverage-7.6.3-cp313-cp313t-musllinux_1_2_i686.whl", hash = "sha256:70d24936ca6c15a3bbc91ee9c7fc661132c6f4c9d42a23b31b6686c05073bde5"},
    {file = "coverage-7.6.3-cp313-cp313t-musllinux_1_2_x86_64.whl", hash = "sha256:c30e42ea11badb147f0d2e387115b15e2bd8205a5ad70d6ad79cf37f6ac08c91"},
    {file = "coverage-7.6.3-cp313-cp313t-win32.whl", hash = "sha256:365defc257c687ce3e7d275f39738dcd230777424117a6c76043459db131dd43"},
    {file = "coverage-7.6.3-cp313-cp313t-win_amd64.whl", hash = "sha256:23bb63ae3f4c645d2d82fa22697364b0046fbafb6261b258a58587441c5f7bd0"},
    {file = "coverage-7.6.3-cp39-cp39-macosx_10_9_x86_64.whl", hash = "sha256:da29ceabe3025a1e5a5aeeb331c5b1af686daab4ff0fb4f83df18b1180ea83e2"},
    {file = "coverage-7.6.3-cp39-cp39-macosx_11_0_arm64.whl", hash = "sha256:df8c05a0f574d480947cba11b947dc41b1265d721c3777881da2fb8d3a1ddfba"},
    {file = "coverage-7.6.3-cp39-cp39-manylinux_2_17_aarch64.manylinux2014_aarch64.whl", hash = "sha256:ec1e3b40b82236d100d259854840555469fad4db64f669ab817279eb95cd535c"},
    {file = "coverage-7.6.3-cp39-cp39-manylinux_2_5_i686.manylinux1_i686.manylinux_2_17_i686.manylinux2014_i686.whl", hash = "sha256:b4adeb878a374126f1e5cf03b87f66279f479e01af0e9a654cf6d1509af46c40"},
    {file = "coverage-7.6.3-cp39-cp39-manylinux_2_5_x86_64.manylinux1_x86_64.manylinux_2_17_x86_64.manylinux2014_x86_64.whl", hash = "sha256:43d6a66e33b1455b98fc7312b124296dad97a2e191c80320587234a77b1b736e"},
    {file = "coverage-7.6.3-cp39-cp39-musllinux_1_2_aarch64.whl", hash = "sha256:1990b1f4e2c402beb317840030bb9f1b6a363f86e14e21b4212e618acdfce7f6"},
    {file = "coverage-7.6.3-cp39-cp39-musllinux_1_2_i686.whl", hash = "sha256:12f9515d875859faedb4144fd38694a761cd2a61ef9603bf887b13956d0bbfbb"},
    {file = "coverage-7.6.3-cp39-cp39-musllinux_1_2_x86_64.whl", hash = "sha256:99ded130555c021d99729fabd4ddb91a6f4cc0707df4b1daf912c7850c373b13"},
    {file = "coverage-7.6.3-cp39-cp39-win32.whl", hash = "sha256:c3a79f56dee9136084cf84a6c7c4341427ef36e05ae6415bf7d787c96ff5eaa3"},
    {file = "coverage-7.6.3-cp39-cp39-win_amd64.whl", hash = "sha256:aac7501ae73d4a02f4b7ac8fcb9dc55342ca98ffb9ed9f2dfb8a25d53eda0e4d"},
    {file = "coverage-7.6.3-pp39.pp310-none-any.whl", hash = "sha256:b9853509b4bf57ba7b1f99b9d866c422c9c5248799ab20e652bbb8a184a38181"},
    {file = "coverage-7.6.3.tar.gz", hash = "sha256:bb7d5fe92bd0dc235f63ebe9f8c6e0884f7360f88f3411bfed1350c872ef2054"},
]

[package.extras]
toml = ["tomli"]

[[package]]
name = "flask"
version = "3.0.3"
description = "A simple framework for building complex web applications."
optional = false
python-versions = ">=3.8"
files = [
    {file = "flask-3.0.3-py3-none-any.whl", hash = "sha256:34e815dfaa43340d1d15a5c3a02b8476004037eb4840b34910c6e21679d288f3"},
    {file = "flask-3.0.3.tar.gz", hash = "sha256:ceb27b0af3823ea2737928a4d99d125a06175b8512c445cbd9a9ce200ef76842"},
]

[package.dependencies]
blinker = ">=1.6.2"
click = ">=8.1.3"
itsdangerous = ">=2.1.2"
Jinja2 = ">=3.1.2"
Werkzeug = ">=3.0.0"

[package.extras]
async = ["asgiref (>=3.2)"]
dotenv = ["python-dotenv"]

[[package]]
name = "flask-cors"
version = "4.0.1"
description = "A Flask extension adding a decorator for CORS support"
optional = false
python-versions = "*"
files = [
    {file = "Flask_Cors-4.0.1-py2.py3-none-any.whl", hash = "sha256:f2a704e4458665580c074b714c4627dd5a306b333deb9074d0b1794dfa2fb677"},
    {file = "flask_cors-4.0.1.tar.gz", hash = "sha256:eeb69b342142fdbf4766ad99357a7f3876a2ceb77689dc10ff912aac06c389e4"},
]

[package.dependencies]
Flask = ">=0.9"

[[package]]
name = "flask-restful"
version = "0.3.10"
description = "Simple framework for creating REST APIs"
optional = false
python-versions = "*"
files = [
    {file = "Flask-RESTful-0.3.10.tar.gz", hash = "sha256:fe4af2ef0027df8f9b4f797aba20c5566801b6ade995ac63b588abf1a59cec37"},
    {file = "Flask_RESTful-0.3.10-py2.py3-none-any.whl", hash = "sha256:1cf93c535172f112e080b0d4503a8d15f93a48c88bdd36dd87269bdaf405051b"},
]

[package.dependencies]
aniso8601 = ">=0.82"
Flask = ">=0.8"
pytz = "*"
six = ">=1.3.0"

[package.extras]
docs = ["sphinx"]

[[package]]
name = "iniconfig"
version = "2.0.0"
description = "brain-dead simple config-ini parsing"
optional = false
python-versions = ">=3.7"
files = [
    {file = "iniconfig-2.0.0-py3-none-any.whl", hash = "sha256:b6a85871a79d2e3b22d2d1b94ac2824226a63c6b741c88f7ae975f18b6778374"},
    {file = "iniconfig-2.0.0.tar.gz", hash = "sha256:2d91e135bf72d31a410b17c16da610a82cb55f6b0477d1a902134b24a455b8b3"},
]

[[package]]
name = "itsdangerous"
version = "2.2.0"
description = "Safely pass data to untrusted environments and back."
optional = false
python-versions = ">=3.8"
files = [
    {file = "itsdangerous-2.2.0-py3-none-any.whl", hash = "sha256:c6242fc49e35958c8b15141343aa660db5fc54d4f13a1db01a3f5891b98700ef"},
    {file = "itsdangerous-2.2.0.tar.gz", hash = "sha256:e0050c0b7da1eea53ffaf149c0cfbb5c6e2e2b69c4bef22c81fa6eb73e5f6173"},
]

[[package]]
name = "jinja2"
version = "3.1.4"
description = "A very fast and expressive template engine."
optional = false
python-versions = ">=3.7"
files = [
    {file = "jinja2-3.1.4-py3-none-any.whl", hash = "sha256:bc5dd2abb727a5319567b7a813e6a2e7318c39f4f487cfe6c89c6f9c7d25197d"},
    {file = "jinja2-3.1.4.tar.gz", hash = "sha256:4a3aee7acbbe7303aede8e9648d13b8bf88a429282aa6122a993f0ac800cb369"},
]

[package.dependencies]
MarkupSafe = ">=2.0"

[package.extras]
i18n = ["Babel (>=2.7)"]

[[package]]
name = "markupsafe"
version = "2.1.5"
description = "Safely add untrusted strings to HTML/XML markup."
optional = false
python-versions = ">=3.7"
files = [
    {file = "MarkupSafe-2.1.5-cp310-cp310-macosx_10_9_universal2.whl", hash = "sha256:a17a92de5231666cfbe003f0e4b9b3a7ae3afb1ec2845aadc2bacc93ff85febc"},
    {file = "MarkupSafe-2.1.5-cp310-cp310-macosx_10_9_x86_64.whl", hash = "sha256:72b6be590cc35924b02c78ef34b467da4ba07e4e0f0454a2c5907f473fc50ce5"},
    {file = "MarkupSafe-2.1.5-cp310-cp310-manylinux_2_17_aarch64.manylinux2014_aarch64.whl", hash = "sha256:e61659ba32cf2cf1481e575d0462554625196a1f2fc06a1c777d3f48e8865d46"},
    {file = "MarkupSafe-2.1.5-cp310-cp310-manylinux_2_17_x86_64.manylinux2014_x86_64.whl", hash = "sha256:2174c595a0d73a3080ca3257b40096db99799265e1c27cc5a610743acd86d62f"},
    {file = "MarkupSafe-2.1.5-cp310-cp310-manylinux_2_5_i686.manylinux1_i686.manylinux_2_17_i686.manylinux2014_i686.whl", hash = "sha256:ae2ad8ae6ebee9d2d94b17fb62763125f3f374c25618198f40cbb8b525411900"},
    {file = "MarkupSafe-2.1.5-cp310-cp310-musllinux_1_1_aarch64.whl", hash = "sha256:075202fa5b72c86ad32dc7d0b56024ebdbcf2048c0ba09f1cde31bfdd57bcfff"},
    {file = "MarkupSafe-2.1.5-cp310-cp310-musllinux_1_1_i686.whl", hash = "sha256:598e3276b64aff0e7b3451b72e94fa3c238d452e7ddcd893c3ab324717456bad"},
    {file = "MarkupSafe-2.1.5-cp310-cp310-musllinux_1_1_x86_64.whl", hash = "sha256:fce659a462a1be54d2ffcacea5e3ba2d74daa74f30f5f143fe0c58636e355fdd"},
    {file = "MarkupSafe-2.1.5-cp310-cp310-win32.whl", hash = "sha256:d9fad5155d72433c921b782e58892377c44bd6252b5af2f67f16b194987338a4"},
    {file = "MarkupSafe-2.1.5-cp310-cp310-win_amd64.whl", hash = "sha256:bf50cd79a75d181c9181df03572cdce0fbb75cc353bc350712073108cba98de5"},
    {file = "MarkupSafe-2.1.5-cp311-cp311-macosx_10_9_universal2.whl", hash = "sha256:629ddd2ca402ae6dbedfceeba9c46d5f7b2a61d9749597d4307f943ef198fc1f"},
    {file = "MarkupSafe-2.1.5-cp311-cp311-macosx_10_9_x86_64.whl", hash = "sha256:5b7b716f97b52c5a14bffdf688f971b2d5ef4029127f1ad7a513973cfd818df2"},
    {file = "MarkupSafe-2.1.5-cp311-cp311-manylinux_2_17_aarch64.manylinux2014_aarch64.whl", hash = "sha256:6ec585f69cec0aa07d945b20805be741395e28ac1627333b1c5b0105962ffced"},
    {file = "MarkupSafe-2.1.5-cp311-cp311-manylinux_2_17_x86_64.manylinux2014_x86_64.whl", hash = "sha256:b91c037585eba9095565a3556f611e3cbfaa42ca1e865f7b8015fe5c7336d5a5"},
    {file = "MarkupSafe-2.1.5-cp311-cp311-manylinux_2_5_i686.manylinux1_i686.manylinux_2_17_i686.manylinux2014_i686.whl", hash = "sha256:7502934a33b54030eaf1194c21c692a534196063db72176b0c4028e140f8f32c"},
    {file = "MarkupSafe-2.1.5-cp311-cp311-musllinux_1_1_aarch64.whl", hash = "sha256:0e397ac966fdf721b2c528cf028494e86172b4feba51d65f81ffd65c63798f3f"},
    {file = "MarkupSafe-2.1.5-cp311-cp311-musllinux_1_1_i686.whl", hash = "sha256:c061bb86a71b42465156a3ee7bd58c8c2ceacdbeb95d05a99893e08b8467359a"},
    {file = "MarkupSafe-2.1.5-cp311-cp311-musllinux_1_1_x86_64.whl", hash = "sha256:3a57fdd7ce31c7ff06cdfbf31dafa96cc533c21e443d57f5b1ecc6cdc668ec7f"},
    {file = "MarkupSafe-2.1.5-cp311-cp311-win32.whl", hash = "sha256:397081c1a0bfb5124355710fe79478cdbeb39626492b15d399526ae53422b906"},
    {file = "MarkupSafe-2.1.5-cp311-cp311-win_amd64.whl", hash = "sha256:2b7c57a4dfc4f16f7142221afe5ba4e093e09e728ca65c51f5620c9aaeb9a617"},
    {file = "MarkupSafe-2.1.5-cp312-cp312-macosx_10_9_universal2.whl", hash = "sha256:8dec4936e9c3100156f8a2dc89c4b88d5c435175ff03413b443469c7c8c5f4d1"},
    {file = "MarkupSafe-2.1.5-cp312-cp312-macosx_10_9_x86_64.whl", hash = "sha256:3c6b973f22eb18a789b1460b4b91bf04ae3f0c4234a0a6aa6b0a92f6f7b951d4"},
    {file = "MarkupSafe-2.1.5-cp312-cp312-manylinux_2_17_aarch64.manylinux2014_aarch64.whl", hash = "sha256:ac07bad82163452a6884fe8fa0963fb98c2346ba78d779ec06bd7a6262132aee"},
    {file = "MarkupSafe-2.1.5-cp312-cp312-manylinux_2_17_x86_64.manylinux2014_x86_64.whl", hash = "sha256:f5dfb42c4604dddc8e4305050aa6deb084540643ed5804d7455b5df8fe16f5e5"},
    {file = "MarkupSafe-2.1.5-cp312-cp312-manylinux_2_5_i686.manylinux1_i686.manylinux_2_17_i686.manylinux2014_i686.whl", hash = "sha256:ea3d8a3d18833cf4304cd2fc9cbb1efe188ca9b5efef2bdac7adc20594a0e46b"},
    {file = "MarkupSafe-2.1.5-cp312-cp312-musllinux_1_1_aarch64.whl", hash = "sha256:d050b3361367a06d752db6ead6e7edeb0009be66bc3bae0ee9d97fb326badc2a"},
    {file = "MarkupSafe-2.1.5-cp312-cp312-musllinux_1_1_i686.whl", hash = "sha256:bec0a414d016ac1a18862a519e54b2fd0fc8bbfd6890376898a6c0891dd82e9f"},
    {file = "MarkupSafe-2.1.5-cp312-cp312-musllinux_1_1_x86_64.whl", hash = "sha256:58c98fee265677f63a4385256a6d7683ab1832f3ddd1e66fe948d5880c21a169"},
    {file = "MarkupSafe-2.1.5-cp312-cp312-win32.whl", hash = "sha256:8590b4ae07a35970728874632fed7bd57b26b0102df2d2b233b6d9d82f6c62ad"},
    {file = "MarkupSafe-2.1.5-cp312-cp312-win_amd64.whl", hash = "sha256:823b65d8706e32ad2df51ed89496147a42a2a6e01c13cfb6ffb8b1e92bc910bb"},
    {file = "MarkupSafe-2.1.5-cp37-cp37m-macosx_10_9_x86_64.whl", hash = "sha256:c8b29db45f8fe46ad280a7294f5c3ec36dbac9491f2d1c17345be8e69cc5928f"},
    {file = "MarkupSafe-2.1.5-cp37-cp37m-manylinux_2_17_aarch64.manylinux2014_aarch64.whl", hash = "sha256:ec6a563cff360b50eed26f13adc43e61bc0c04d94b8be985e6fb24b81f6dcfdf"},
    {file = "MarkupSafe-2.1.5-cp37-cp37m-manylinux_2_17_x86_64.manylinux2014_x86_64.whl", hash = "sha256:a549b9c31bec33820e885335b451286e2969a2d9e24879f83fe904a5ce59d70a"},
    {file = "MarkupSafe-2.1.5-cp37-cp37m-manylinux_2_5_i686.manylinux1_i686.manylinux_2_17_i686.manylinux2014_i686.whl", hash = "sha256:4f11aa001c540f62c6166c7726f71f7573b52c68c31f014c25cc7901deea0b52"},
    {file = "MarkupSafe-2.1.5-cp37-cp37m-musllinux_1_1_aarch64.whl", hash = "sha256:7b2e5a267c855eea6b4283940daa6e88a285f5f2a67f2220203786dfa59b37e9"},
    {file = "MarkupSafe-2.1.5-cp37-cp37m-musllinux_1_1_i686.whl", hash = "sha256:2d2d793e36e230fd32babe143b04cec8a8b3eb8a3122d2aceb4a371e6b09b8df"},
    {file = "MarkupSafe-2.1.5-cp37-cp37m-musllinux_1_1_x86_64.whl", hash = "sha256:ce409136744f6521e39fd8e2a24c53fa18ad67aa5bc7c2cf83645cce5b5c4e50"},
    {file = "MarkupSafe-2.1.5-cp37-cp37m-win32.whl", hash = "sha256:4096e9de5c6fdf43fb4f04c26fb114f61ef0bf2e5604b6ee3019d51b69e8c371"},
    {file = "MarkupSafe-2.1.5-cp37-cp37m-win_amd64.whl", hash = "sha256:4275d846e41ecefa46e2015117a9f491e57a71ddd59bbead77e904dc02b1bed2"},
    {file = "MarkupSafe-2.1.5-cp38-cp38-macosx_10_9_universal2.whl", hash = "sha256:656f7526c69fac7f600bd1f400991cc282b417d17539a1b228617081106feb4a"},
    {file = "MarkupSafe-2.1.5-cp38-cp38-macosx_10_9_x86_64.whl", hash = "sha256:97cafb1f3cbcd3fd2b6fbfb99ae11cdb14deea0736fc2b0952ee177f2b813a46"},
    {file = "MarkupSafe-2.1.5-cp38-cp38-manylinux_2_17_aarch64.manylinux2014_aarch64.whl", hash = "sha256:1f3fbcb7ef1f16e48246f704ab79d79da8a46891e2da03f8783a5b6fa41a9532"},
    {file = "MarkupSafe-2.1.5-cp38-cp38-manylinux_2_17_x86_64.manylinux2014_x86_64.whl", hash = "sha256:fa9db3f79de01457b03d4f01b34cf91bc0048eb2c3846ff26f66687c2f6d16ab"},
    {file = "MarkupSafe-2.1.5-cp38-cp38-manylinux_2_5_i686.manylinux1_i686.manylinux_2_17_i686.manylinux2014_i686.whl", hash = "sha256:ffee1f21e5ef0d712f9033568f8344d5da8cc2869dbd08d87c84656e6a2d2f68"},
    {file = "MarkupSafe-2.1.5-cp38-cp38-musllinux_1_1_aarch64.whl", hash = "sha256:5dedb4db619ba5a2787a94d877bc8ffc0566f92a01c0ef214865e54ecc9ee5e0"},
    {file = "MarkupSafe-2.1.5-cp38-cp38-musllinux_1_1_i686.whl", hash = "sha256:30b600cf0a7ac9234b2638fbc0fb6158ba5bdcdf46aeb631ead21248b9affbc4"},
    {file = "MarkupSafe-2.1.5-cp38-cp38-musllinux_1_1_x86_64.whl", hash = "sha256:8dd717634f5a044f860435c1d8c16a270ddf0ef8588d4887037c5028b859b0c3"},
    {file = "MarkupSafe-2.1.5-cp38-cp38-win32.whl", hash = "sha256:daa4ee5a243f0f20d528d939d06670a298dd39b1ad5f8a72a4275124a7819eff"},
    {file = "MarkupSafe-2.1.5-cp38-cp38-win_amd64.whl", hash = "sha256:619bc166c4f2de5caa5a633b8b7326fbe98e0ccbfacabd87268a2b15ff73a029"},
    {file = "MarkupSafe-2.1.5-cp39-cp39-macosx_10_9_universal2.whl", hash = "sha256:7a68b554d356a91cce1236aa7682dc01df0edba8d043fd1ce607c49dd3c1edcf"},
    {file = "MarkupSafe-2.1.5-cp39-cp39-macosx_10_9_x86_64.whl", hash = "sha256:db0b55e0f3cc0be60c1f19efdde9a637c32740486004f20d1cff53c3c0ece4d2"},
    {file = "MarkupSafe-2.1.5-cp39-cp39-manylinux_2_17_aarch64.manylinux2014_aarch64.whl", hash = "sha256:3e53af139f8579a6d5f7b76549125f0d94d7e630761a2111bc431fd820e163b8"},
    {file = "MarkupSafe-2.1.5-cp39-cp39-manylinux_2_17_x86_64.manylinux2014_x86_64.whl", hash = "sha256:17b950fccb810b3293638215058e432159d2b71005c74371d784862b7e4683f3"},
    {file = "MarkupSafe-2.1.5-cp39-cp39-manylinux_2_5_i686.manylinux1_i686.manylinux_2_17_i686.manylinux2014_i686.whl", hash = "sha256:4c31f53cdae6ecfa91a77820e8b151dba54ab528ba65dfd235c80b086d68a465"},
    {file = "MarkupSafe-2.1.5-cp39-cp39-musllinux_1_1_aarch64.whl", hash = "sha256:bff1b4290a66b490a2f4719358c0cdcd9bafb6b8f061e45c7a2460866bf50c2e"},
    {file = "MarkupSafe-2.1.5-cp39-cp39-musllinux_1_1_i686.whl", hash = "sha256:bc1667f8b83f48511b94671e0e441401371dfd0f0a795c7daa4a3cd1dde55bea"},
    {file = "MarkupSafe-2.1.5-cp39-cp39-musllinux_1_1_x86_64.whl", hash = "sha256:5049256f536511ee3f7e1b3f87d1d1209d327e818e6ae1365e8653d7e3abb6a6"},
    {file = "MarkupSafe-2.1.5-cp39-cp39-win32.whl", hash = "sha256:00e046b6dd71aa03a41079792f8473dc494d564611a8f89bbbd7cb93295ebdcf"},
    {file = "MarkupSafe-2.1.5-cp39-cp39-win_amd64.whl", hash = "sha256:fa173ec60341d6bb97a89f5ea19c85c5643c1e7dedebc22f5181eb73573142c5"},
    {file = "MarkupSafe-2.1.5.tar.gz", hash = "sha256:d283d37a890ba4c1ae73ffadf8046435c76e7bc2247bbb63c00bd1a709c6544b"},
]

[[package]]
name = "mcp23017"
version = "1.1.0"
description = "MCP23017 Library"
optional = false
python-versions = ">=3.6"
files = [
    {file = "mcp23017-1.1.0-py3-none-any.whl", hash = "sha256:bc0fc10a460df4a68eb076c756fbbfcd168dbff78ac97431cdb4868b8fded222"},
    {file = "mcp23017-1.1.0.tar.gz", hash = "sha256:68352c260290e04bf6de19adc2dc670f40c73b6c764fef0782dae58e4d4e928d"},
]

[[package]]
name = "packaging"
version = "24.0"
description = "Core utilities for Python packages"
optional = false
python-versions = ">=3.7"
files = [
    {file = "packaging-24.0-py3-none-any.whl", hash = "sha256:2ddfb553fdf02fb784c234c7ba6ccc288296ceabec964ad2eae3777778130bc5"},
    {file = "packaging-24.0.tar.gz", hash = "sha256:eb82c5e3e56209074766e6885bb04b8c38a0c015d0a30036ebe7ece34c9989e9"},
]

[[package]]
name = "pluggy"
version = "1.5.0"
description = "plugin and hook calling mechanisms for python"
optional = false
python-versions = ">=3.8"
files = [
    {file = "pluggy-1.5.0-py3-none-any.whl", hash = "sha256:44e1ad92c8ca002de6377e165f3e0f1be63266ab4d554740532335b9d75ea669"},
    {file = "pluggy-1.5.0.tar.gz", hash = "sha256:2cffa88e94fdc978c4c574f15f9e59b7f4201d439195c3715ca9e2486f1d0cf1"},
]

[package.extras]
dev = ["pre-commit", "tox"]
testing = ["pytest", "pytest-benchmark"]

[[package]]
name = "public"
version = "2020.12.3"
description = "replace __all__ with @public.add decorator"
optional = false
python-versions = "*"
files = [
    {file = "public-2020.12.3.tar.gz", hash = "sha256:2919ef9037e2a2d2563f8431adaa09b6b129d5398d0a687e42f00593484a9aa2"},
]

[[package]]
name = "pytest"
version = "8.2.1"
description = "pytest: simple powerful testing with Python"
optional = false
python-versions = ">=3.8"
files = [
    {file = "pytest-8.2.1-py3-none-any.whl", hash = "sha256:faccc5d332b8c3719f40283d0d44aa5cf101cec36f88cde9ed8f2bc0538612b1"},
    {file = "pytest-8.2.1.tar.gz", hash = "sha256:5046e5b46d8e4cac199c373041f26be56fdb81eb4e67dc11d4e10811fc3408fd"},
]

[package.dependencies]
colorama = {version = "*", markers = "sys_platform == \"win32\""}
iniconfig = "*"
packaging = "*"
pluggy = ">=1.5,<2.0"

[package.extras]
dev = ["argcomplete", "attrs (>=19.2)", "hypothesis (>=3.56)", "mock", "pygments (>=2.7.2)", "requests", "setuptools", "xmlschema"]

[[package]]
name = "pytest-cov"
version = "5.0.0"
description = "Pytest plugin for measuring coverage."
optional = false
python-versions = ">=3.8"
files = [
    {file = "pytest-cov-5.0.0.tar.gz", hash = "sha256:5837b58e9f6ebd335b0f8060eecce69b662415b16dc503883a02f45dfeb14857"},
    {file = "pytest_cov-5.0.0-py3-none-any.whl", hash = "sha256:4f0764a1219df53214206bf1feea4633c3b558a2925c8b59f144f682861ce652"},
]

[package.dependencies]
coverage = {version = ">=5.2.1", extras = ["toml"]}
pytest = ">=4.6"

[package.extras]
testing = ["fields", "hunter", "process-tests", "pytest-xdist", "virtualenv"]

[[package]]
name = "pytz"
version = "2024.1"
description = "World timezone definitions, modern and historical"
optional = false
python-versions = "*"
files = [
    {file = "pytz-2024.1-py2.py3-none-any.whl", hash = "sha256:328171f4e3623139da4983451950b28e95ac706e13f3f2630a879749e7a8b319"},
    {file = "pytz-2024.1.tar.gz", hash = "sha256:2a29735ea9c18baf14b448846bde5a48030ed267578472d8955cd0e7443a9812"},
]

[[package]]
name = "six"
version = "1.16.0"
description = "Python 2 and 3 compatibility utilities"
optional = false
python-versions = ">=2.7, !=3.0.*, !=3.1.*, !=3.2.*"
files = [
    {file = "six-1.16.0-py2.py3-none-any.whl", hash = "sha256:8abb2f1d86890a2dfb989f9a77cfcfd3e47c2a354b01111771326f8aa26e0254"},
    {file = "six-1.16.0.tar.gz", hash = "sha256:1e61c37477a1626458e36f7b1d82aa5c9b094fa4802892072e49de9c60c4c926"},
]

[[package]]
name = "tomlkit"
version = "0.12.5"
description = "Style preserving TOML library"
optional = false
python-versions = ">=3.7"
files = [
    {file = "tomlkit-0.12.5-py3-none-any.whl", hash = "sha256:af914f5a9c59ed9d0762c7b64d3b5d5df007448eb9cd2edc8a46b1eafead172f"},
    {file = "tomlkit-0.12.5.tar.gz", hash = "sha256:eef34fba39834d4d6b73c9ba7f3e4d1c417a4e56f89a7e96e090dd0d24b8fb3c"},
]

[[package]]
name = "werkzeug"
version = "3.0.3"
description = "The comprehensive WSGI web application library."
optional = false
python-versions = ">=3.8"
files = [
    {file = "werkzeug-3.0.3-py3-none-any.whl", hash = "sha256:fc9645dc43e03e4d630d23143a04a7f947a9a3b5727cd535fdfe155a17cc48c8"},
    {file = "werkzeug-3.0.3.tar.gz", hash = "sha256:097e5bfda9f0aba8da6b8545146def481d06aa7d3266e7448e2cccf67dd8bd18"},
]

[package.dependencies]
MarkupSafe = ">=2.1.1"

[package.extras]
watchdog = ["watchdog (>=2.3)"]

[metadata]
lock-version = "2.0"
python-versions = "^3.12"
content-hash = "f7cf40b039258757af5d3a7d23dc2eb42ab9e96289a1e727120120efd3d2b0aa"
